
Microsoft Visual Studio Solution File, Format Version 12.00
Project("{FAE04EC0-301F-11D3-BF4B-00C04F79EFBC}") = "MySocketConnection.Server", "MySocketConnection.Server\MySocketConnection.Server.csproj", "{8272077E-8E82-461F-B6AC-319587D2FCC2}"
EndProject
Project("{FAE04EC0-301F-11D3-BF4B-00C04F79EFBC}") = "MySocketConnection.Client", "MySocketConnection.Client\MySocketConnection.Client.csproj", "{251C3B48-B522-41BC-95DF-463E5096D1C5}"
EndProject
Global
	GlobalSection(SolutionConfigurationPlatforms) = preSolution
		Debug|Any CPU = Debug|Any CPU
		Release|Any CPU = Release|Any CPU
	EndGlobalSection
	GlobalSection(ProjectConfigurationPlatforms) = postSolution
		{8272077E-8E82-461F-B6AC-319587D2FCC2}.Debug|Any CPU.ActiveCfg = Debug|Any CPU
		{8272077E-8E82-461F-B6AC-319587D2FCC2}.Debug|Any CPU.Build.0 = Debug|Any CPU
		{8272077E-8E82-461F-B6AC-319587D2FCC2}.Release|Any CPU.ActiveCfg = Release|Any CPU
		{8272077E-8E82-461F-B6AC-319587D2FCC2}.Release|Any CPU.Build.0 = Release|Any CPU
		{251C3B48-B522-41BC-95DF-463E5096D1C5}.Debug|Any CPU.ActiveCfg = Debug|Any CPU
		{251C3B48-B522-41BC-95DF-463E5096D1C5}.Debug|Any CPU.Build.0 = Debug|Any CPU
		{251C3B48-B522-41BC-95DF-463E5096D1C5}.Release|Any CPU.ActiveCfg = Release|Any CPU
		{251C3B48-B522-41BC-95DF-463E5096D1C5}.Release|Any CPU.Build.0 = Release|Any CPU
	EndGlobalSection
EndGlobal
